
Microsoft Visual Studio Solution File, Format Version 12.00
# Visual Studio Version 17
VisualStudioVersion = 17.13.35931.197 d17.13
MinimumVisualStudioVersion = 10.0.40219.1
Project("{FAE04EC0-301F-11D3-BF4B-00C04F79EFBC}") = "Ticketing_CS", "Ticketing_CS\Ticketing_CS.csproj", "{E34371F7-7937-4C4D-83D8-1435F9413D56}"
EndProject
Global
	GlobalSection(SolutionConfigurationPlatforms) = preSolution
		Debug|Any CPU = Debug|Any CPU
		Release|Any CPU = Release|Any CPU
	EndGlobalSection
	GlobalSection(ProjectConfigurationPlatforms) = postSolution
		{E34371F7-7937-4C4D-83D8-1435F9413D56}.Debug|Any CPU.ActiveCfg = Debug|Any CPU
		{E34371F7-7937-4C4D-83D8-1435F9413D56}.Debug|Any CPU.Build.0 = Debug|Any CPU
		{E34371F7-7937-4C4D-83D8-1435F9413D56}.Release|Any CPU.ActiveCfg = Release|Any CPU
		{E34371F7-7937-4C4D-83D8-1435F9413D56}.Release|Any CPU.Build.0 = Release|Any CPU
	EndGlobalSection
	GlobalSection(SolutionProperties) = preSolution
		HideSolutionNode = FALSE
	EndGlobalSection
	GlobalSection(ExtensibilityGlobals) = postSolution
		SolutionGuid = {6468242B-0219-47CA-BC91-B6FA339DE0D5}
	EndGlobalSection
EndGlobal
